
Microsoft Visual Studio Solution File, Format Version 10.00
# Visual Studio 2008
Project("{8BC9CEB8-8B4A-11D0-8D11-00A0C91BC942}") = "Amctrl32", "Amctrl32\Amctrl32.vcproj", "{DAA2715A-8601-4056-84DE-26BD51D46CA3}"
	ProjectSection(ProjectDependencies) = postProject
		{80FA1536-E7C4-49AF-ACF4-9CC8E61256CC} = {80FA1536-E7C4-49AF-ACF4-9CC8E61256CC}
		{948159DB-8F70-431B-B28A-702738961108} = {948159DB-8F70-431B-B28A-702738961108}
	EndProjectSection
EndProject
Project("{8BC9CEB8-8B4A-11D0-8D11-00A0C91BC942}") = "Amdb32", "Amdb32\Amdb32.vcproj", "{A089164B-8D46-4D9B-A406-63B96BA46A46}"
	ProjectSection(ProjectDependencies) = postProject
		{80FA1536-E7C4-49AF-ACF4-9CC8E61256CC} = {80FA1536-E7C4-49AF-ACF4-9CC8E61256CC}
		{DAA2715A-8601-4056-84DE-26BD51D46CA3} = {DAA2715A-8601-4056-84DE-26BD51D46CA3}
		{948159DB-8F70-431B-B28A-702738961108} = {948159DB-8F70-431B-B28A-702738961108}
	EndProjectSection
EndProject
Project("{8BC9CEB8-8B4A-11D0-8D11-00A0C91BC942}") = "Ameol232", "Ameol232\ameol232.vcproj", "{39F88C10-48FC-4EBD-AF17-C19CBF029BFE}"
	ProjectSection(ProjectDependencies) = postProject
		{B1AA6829-ECB8-4AAC-BEB5-480F4A48214C} = {B1AA6829-ECB8-4AAC-BEB5-480F4A48214C}
		{80FA1536-E7C4-49AF-ACF4-9CC8E61256CC} = {80FA1536-E7C4-49AF-ACF4-9CC8E61256CC}
		{A089164B-8D46-4D9B-A406-63B96BA46A46} = {A089164B-8D46-4D9B-A406-63B96BA46A46}
		{DAA2715A-8601-4056-84DE-26BD51D46CA3} = {DAA2715A-8601-4056-84DE-26BD51D46CA3}
		{CA3EE962-9448-4160-946B-DB48047EE130} = {CA3EE962-9448-4160-946B-DB48047EE130}
		{C42F77A1-95CA-45B0-9C86-E0D6504C3C16} = {C42F77A1-95CA-45B0-9C86-E0D6504C3C16}
		{948159DB-8F70-431B-B28A-702738961108} = {948159DB-8F70-431B-B28A-702738961108}
		{85725AEF-950E-4C13-A91C-A92C5716C1FC} = {85725AEF-950E-4C13-A91C-A92C5716C1FC}
	EndProjectSection
EndProject
Project("{8BC9CEB8-8B4A-11D0-8D11-00A0C91BC942}") = "Ameol32", "Ameol32\Ameol32.vcproj", "{42A7315E-74FB-4385-9C49-03982DA0E57B}"
	ProjectSection(ProjectDependencies) = postProject
		{39F88C10-48FC-4EBD-AF17-C19CBF029BFE} = {39F88C10-48FC-4EBD-AF17-C19CBF029BFE}
		{80FA1536-E7C4-49AF-ACF4-9CC8E61256CC} = {80FA1536-E7C4-49AF-ACF4-9CC8E61256CC}
		{A089164B-8D46-4D9B-A406-63B96BA46A46} = {A089164B-8D46-4D9B-A406-63B96BA46A46}
		{C42F77A1-95CA-45B0-9C86-E0D6504C3C16} = {C42F77A1-95CA-45B0-9C86-E0D6504C3C16}
		{948159DB-8F70-431B-B28A-702738961108} = {948159DB-8F70-431B-B28A-702738961108}
	EndProjectSection
EndProject
Project("{8BC9CEB8-8B4A-11D0-8D11-00A0C91BC942}") = "Amlib32", "Amlib32\Amlib32.vcproj", "{80FA1536-E7C4-49AF-ACF4-9CC8E61256CC}"
EndProject
Project("{8BC9CEB8-8B4A-11D0-8D11-00A0C91BC942}") = "Amob32", "Amob32\Amob32.vcproj", "{C42F77A1-95CA-45B0-9C86-E0D6504C3C16}"
	ProjectSection(ProjectDependencies) = postProject
		{80FA1536-E7C4-49AF-ACF4-9CC8E61256CC} = {80FA1536-E7C4-49AF-ACF4-9CC8E61256CC}
		{948159DB-8F70-431B-B28A-702738961108} = {948159DB-8F70-431B-B28A-702738961108}
	EndProjectSection
EndProject
Project("{8BC9CEB8-8B4A-11D0-8D11-00A0C91BC942}") = "Amuser32", "Amuser32\Amuser32.vcproj", "{948159DB-8F70-431B-B28A-702738961108}"
	ProjectSection(ProjectDependencies) = postProject
		{80FA1536-E7C4-49AF-ACF4-9CC8E61256CC} = {80FA1536-E7C4-49AF-ACF4-9CC8E61256CC}
	EndProjectSection
EndProject
Project("{8BC9CEB8-8B4A-11D0-8D11-00A0C91BC942}") = "HTTPMap", "HTTPMap\HTTPMap.vcproj", "{B1AA6829-ECB8-4AAC-BEB5-480F4A48214C}"
EndProject
Project("{8BC9CEB8-8B4A-11D0-8D11-00A0C91BC942}") = "SciLexer", "scintilla\SciLexer.vcproj", "{CA3EE962-9448-4160-946B-DB48047EE130}"
EndProject
Project("{8BC9CEB8-8B4A-11D0-8D11-00A0C91BC942}") = "Zmodem32", "Zmodem32\Zmodem32.vcproj", "{85725AEF-950E-4C13-A91C-A92C5716C1FC}"
	ProjectSection(ProjectDependencies) = postProject
		{80FA1536-E7C4-49AF-ACF4-9CC8E61256CC} = {80FA1536-E7C4-49AF-ACF4-9CC8E61256CC}
		{948159DB-8F70-431B-B28A-702738961108} = {948159DB-8F70-431B-B28A-702738961108}
	EndProjectSection
EndProject
Global
	GlobalSection(SolutionConfigurationPlatforms) = preSolution
		Debug|Win32 = Debug|Win32
		Release|Win32 = Release|Win32
	EndGlobalSection
	GlobalSection(ProjectConfigurationPlatforms) = postSolution
		{DAA2715A-8601-4056-84DE-26BD51D46CA3}.Debug|Win32.ActiveCfg = Debug|Win32
		{DAA2715A-8601-4056-84DE-26BD51D46CA3}.Debug|Win32.Build.0 = Debug|Win32
		{DAA2715A-8601-4056-84DE-26BD51D46CA3}.Release|Win32.ActiveCfg = Release|Win32
		{DAA2715A-8601-4056-84DE-26BD51D46CA3}.Release|Win32.Build.0 = Release|Win32
		{A089164B-8D46-4D9B-A406-63B96BA46A46}.Debug|Win32.ActiveCfg = Debug|Win32
		{A089164B-8D46-4D9B-A406-63B96BA46A46}.Debug|Win32.Build.0 = Debug|Win32
		{A089164B-8D46-4D9B-A406-63B96BA46A46}.Release|Win32.ActiveCfg = Release|Win32
		{A089164B-8D46-4D9B-A406-63B96BA46A46}.Release|Win32.Build.0 = Release|Win32
		{39F88C10-48FC-4EBD-AF17-C19CBF029BFE}.Debug|Win32.ActiveCfg = Debug|Win32
		{39F88C10-48FC-4EBD-AF17-C19CBF029BFE}.Debug|Win32.Build.0 = Debug|Win32
		{39F88C10-48FC-4EBD-AF17-C19CBF029BFE}.Release|Win32.ActiveCfg = Release|Win32
		{39F88C10-48FC-4EBD-AF17-C19CBF029BFE}.Release|Win32.Build.0 = Release|Win32
		{42A7315E-74FB-4385-9C49-03982DA0E57B}.Debug|Win32.ActiveCfg = Debug|Win32
		{42A7315E-74FB-4385-9C49-03982DA0E57B}.Debug|Win32.Build.0 = Debug|Win32
		{42A7315E-74FB-4385-9C49-03982DA0E57B}.Release|Win32.ActiveCfg = Release|Win32
		{42A7315E-74FB-4385-9C49-03982DA0E57B}.Release|Win32.Build.0 = Release|Win32
		{80FA1536-E7C4-49AF-ACF4-9CC8E61256CC}.Debug|Win32.ActiveCfg = Debug|Win32
		{80FA1536-E7C4-49AF-ACF4-9CC8E61256CC}.Debug|Win32.Build.0 = Debug|Win32
		{80FA1536-E7C4-49AF-ACF4-9CC8E61256CC}.Release|Win32.ActiveCfg = Release|Win32
		{80FA1536-E7C4-49AF-ACF4-9CC8E61256CC}.Release|Win32.Build.0 = Release|Win32
		{C42F77A1-95CA-45B0-9C86-E0D6504C3C16}.Debug|Win32.ActiveCfg = Debug|Win32
		{C42F77A1-95CA-45B0-9C86-E0D6504C3C16}.Debug|Win32.Build.0 = Debug|Win32
		{C42F77A1-95CA-45B0-9C86-E0D6504C3C16}.Release|Win32.ActiveCfg = Release|Win32
		{C42F77A1-95CA-45B0-9C86-E0D6504C3C16}.Release|Win32.Build.0 = Release|Win32
		{948159DB-8F70-431B-B28A-702738961108}.Debug|Win32.ActiveCfg = Debug|Win32
		{948159DB-8F70-431B-B28A-702738961108}.Debug|Win32.Build.0 = Debug|Win32
		{948159DB-8F70-431B-B28A-702738961108}.Release|Win32.ActiveCfg = Release|Win32
		{948159DB-8F70-431B-B28A-702738961108}.Release|Win32.Build.0 = Release|Win32
		{B1AA6829-ECB8-4AAC-BEB5-480F4A48214C}.Debug|Win32.ActiveCfg = Debug|Win32
		{B1AA6829-ECB8-4AAC-BEB5-480F4A48214C}.Debug|Win32.Build.0 = Debug|Win32
		{B1AA6829-ECB8-4AAC-BEB5-480F4A48214C}.Release|Win32.ActiveCfg = Release|Win32
		{B1AA6829-ECB8-4AAC-BEB5-480F4A48214C}.Release|Win32.Build.0 = Release|Win32
		{CA3EE962-9448-4160-946B-DB48047EE130}.Debug|Win32.ActiveCfg = Debug|Win32
		{CA3EE962-9448-4160-946B-DB48047EE130}.Debug|Win32.Build.0 = Debug|Win32
		{CA3EE962-9448-4160-946B-DB48047EE130}.Release|Win32.ActiveCfg = Release|Win32
		{CA3EE962-9448-4160-946B-DB48047EE130}.Release|Win32.Build.0 = Release|Win32
		{85725AEF-950E-4C13-A91C-A92C5716C1FC}.Debug|Win32.ActiveCfg = Debug|Win32
		{85725AEF-950E-4C13-A91C-A92C5716C1FC}.Debug|Win32.Build.0 = Debug|Win32
		{85725AEF-950E-4C13-A91C-A92C5716C1FC}.Release|Win32.ActiveCfg = Release|Win32
		{85725AEF-950E-4C13-A91C-A92C5716C1FC}.Release|Win32.Build.0 = Release|Win32
	EndGlobalSection
	GlobalSection(SolutionProperties) = preSolution
		HideSolutionNode = FALSE
	EndGlobalSection
EndGlobal
