<?xml version="1.0" encoding="utf-8"?>
<Project ToolsVersion="4.0" xmlns="http://schemas.microsoft.com/developer/msbuild/2003">
  <ItemGroup>
    <Filter Include="Source Files">
      <UniqueIdentifier>{d484c731-b715-4973-a461-e57f36f8694d}</UniqueIdentifier>
      <Extensions>cpp;c;cxx;rc;def;r;odl;hpj;bat;for;f90</Extensions>
    </Filter>
    <Filter Include="Header Files">
      <UniqueIdentifier>{f252a933-49f3-44dc-a692-9e9e236cbec3}</UniqueIdentifier>
      <Extensions>h;hpp;hxx;hm;inl;fi;fd</Extensions>
    </Filter>
    <Filter Include="Resource Files">
      <UniqueIdentifier>{2c61cc49-7255-4a44-9536-d560f62ec8c9}</UniqueIdentifier>
      <Extensions>ico;cur;bmp;dlg;rc2;rct;bin;cnt;rtf;gif;jpg;jpeg;jpe</Extensions>
    </Filter>
  </ItemGroup>
  <ItemGroup>
    <ClCompile Include="amdb.c">
      <Filter>Source Files</Filter>
    </ClCompile>
    <ClCompile Include="amdbcat.c">
      <Filter>Source Files</Filter>
    </ClCompile>
    <ClCompile Include="check.c">
      <Filter>Source Files</Filter>
    </ClCompile>
    <ClCompile Include="confpick.c">
      <Filter>Source Files</Filter>
    </ClCompile>
    <ClCompile Include="cookies.c">
      <Filter>Source Files</Filter>
    </ClCompile>
  </ItemGroup>
  <ItemGroup>
    <ResourceCompile Include="amdb.rc">
      <Filter>Source Files</Filter>
    </ResourceCompile>
    <ResourceCompile Include="amdbv.rc">
      <Filter>Source Files</Filter>
    </ResourceCompile>
  </ItemGroup>
  <ItemGroup>
    <None Include="amdb32.def">
      <Filter>Source Files</Filter>
    </None>
  </ItemGroup>
  <ItemGroup>
    <ClInclude Include="amdbrc.h">
      <Filter>Source Files</Filter>
    </ClInclude>
    <ClInclude Include="..\Shared\include\amdb.h">
      <Filter>Header Files</Filter>
    </ClInclude>
    <ClInclude Include="amdbi.h">
      <Filter>Header Files</Filter>
    </ClInclude>
  </ItemGroup>
  <ItemGroup>
    <Image Include="Bitmaps\bitmap13.bmp">
      <Filter>Resource Files</Filter>
    </Image>
    <Image Include="Bitmaps\category.bmp">
      <Filter>Resource Files</Filter>
    </Image>
    <Image Include="Bitmaps\cixfolde.bmp">
      <Filter>Resource Files</Filter>
    </Image>
    <Image Include="Bitmaps\conferen.bmp">
      <Filter>Resource Files</Filter>
    </Image>
    <Image Include="Bitmaps\foldrsel.bmp">
      <Filter>Resource Files</Filter>
    </Image>
    <Image Include="Icons\info.ico">
      <Filter>Resource Files</Filter>
    </Image>
    <Image Include="Bitmaps\localtop.bmp">
      <Filter>Resource Files</Filter>
    </Image>
    <Image Include="Bitmaps\mailfold.bmp">
      <Filter>Resource Files</Filter>
    </Image>
    <Image Include="Icons\repair.ico">
      <Filter>Resource Files</Filter>
    </Image>
    <Image Include="Bitmaps\selected.bmp">
      <Filter>Resource Files</Filter>
    </Image>
    <Image Include="Bitmaps\topic.bmp">
      <Filter>Resource Files</Filter>
    </Image>
    <Image Include="Bitmaps\untypedf.bmp">
      <Filter>Resource Files</Filter>
    </Image>
  </ItemGroup>
</Project>