<?xml version="1.0" encoding="utf-8"?>
<Project ToolsVersion="4.0" xmlns="http://schemas.microsoft.com/developer/msbuild/2003">
  <ItemGroup>
    <Filter Include="Source Files">
      <UniqueIdentifier>{6982db37-d1e7-41e9-b2a8-c6b1e587309a}</UniqueIdentifier>
      <Extensions>cpp;c;cxx;rc;def;r;odl;hpj;bat;for;f90</Extensions>
    </Filter>
    <Filter Include="Header Files">
      <UniqueIdentifier>{2e937d3d-7e46-4b88-9682-ebddad8cb4d6}</UniqueIdentifier>
    </Filter>
  </ItemGroup>
  <ItemGroup>
    <ClCompile Include="assert.c">
      <Filter>Source Files</Filter>
    </ClCompile>
    <ClCompile Include="gs.c">
      <Filter>Source Files</Filter>
    </ClCompile>
    <ClCompile Include="strs.c">
      <Filter>Source Files</Filter>
    </ClCompile>
  </ItemGroup>
  <ItemGroup>
    <ClInclude Include="..\Shared\include\amlib.h">
      <Filter>Header Files</Filter>
    </ClInclude>
  </ItemGroup>
</Project>